PODS:
  - Alamofire (5.6.2)
  - Moya (15.0.0):
    - Moya/Core (= 15.0.0)
  - Moya/Core (15.0.0):
    - Alamofire (~> 5.0)
  - PromiseKit (6.18.0):
    - PromiseKit/CorePromise (= 6.18.0)
    - PromiseKit/Foundation (= 6.18.0)
    - PromiseKit/UIKit (= 6.18.0)
  - PromiseKit/CorePromise (6.18.0)
  - PromiseKit/Foundation (6.18.0):
    - PromiseKit/CorePromise
  - PromiseKit/UIKit (6.18.0):
    - PromiseKit/CorePromise

DEPENDENCIES:
  - Moya
  - PromiseKit

SPEC REPOS:
  trunk:
    - Alamofire
    - Moya
    - PromiseKit

SPEC CHECKSUMS:
  Alamofire: d368e1ff8a298e6dde360e35a3e68e6c610e7204
  Moya: 138f0573e53411fb3dc17016add0b748dfbd78ee
  PromiseKit: 879fa89b55fcb8f11ade9aad0c9721850bb71b9f

PODFILE CHECKSUM: bd7d05a55a27878e84ebda61bb9899dce9a4c997

COCOAPODS: 1.11.2
